{
  "name": "MarionetteTest",
  "lockfileVersion": 3,
  "requires": true,
  "packages": {
    "": {
      "name": "MarionetteTest",
      "devDependencies": {
        "minigame-api-typings": "^3.8.12"
      }
    },
    "node_modules/minigame-api-typings": {
      "version": "3.8.12",
      "resolved": "https://registry.npmjs.org/minigame-api-typings/-/minigame-api-typings-3.8.12.tgz",
      "integrity": "sha512-72KNUlj0oo7pK0yYIBaaagJ7gdN2oX8z/UIWyunPRHeIT4UTH70Z3HAovOZ53E5ENOQVPD5+EcnlaOdUFbk2PQ==",
      "dev": true,
      "license": "MIT"
    }
  }
}
